
Microsoft Visual Studio Solution File, Format Version 12.00
# Visual Studio Version 17
VisualStudioVersion = 17.0.31903.59
MinimumVisualStudioVersion = 10.0.40219.1
Project("{2150E333-8FDC-42A3-9474-1A3956D46DE8}") = "services", "services", "{5854FF58-B8C5-05C6-5BF2-ACE42193F22B}"
EndProject
Project("{2150E333-8FDC-42A3-9474-1A3956D46DE8}") = "DocumentService", "DocumentService", "{4972D1A6-6E3D-CFE3-BF87-C4B6FA8CF3FC}"
EndProject
Project("{FAE04EC0-301F-11D3-BF4B-00C04F79EFBC}") = "Aize.DocumentService.Api", "services\DocumentService\Aize.DocumentService.Api\Aize.DocumentService.Api.csproj", "{8DAA1DD4-3AA5-465D-A96E-CCD03169D152}"
EndProject
Project("{2150E333-8FDC-42A3-9474-1A3956D46DE8}") = "building-blocks", "building-blocks", "{31CBEB51-93DC-9CA1-DA8D-67643319BEE1}"
EndProject
Project("{FAE04EC0-301F-11D3-BF4B-00C04F79EFBC}") = "Aize.BuildingBlocks.Domain", "building-blocks\Aize.BuildingBlocks.Domain\Aize.BuildingBlocks.Domain.csproj", "{AE8A0224-3D64-4192-B286-BC244504CEB9}"
EndProject
Project("{FAE04EC0-301F-11D3-BF4B-00C04F79EFBC}") = "Aize.BuildingBlocks.Application", "building-blocks\Aize.BuildingBlocks.Application\Aize.BuildingBlocks.Application.csproj", "{FAA021AE-919E-44C9-92C6-39CB280251B4}"
EndProject
Project("{FAE04EC0-301F-11D3-BF4B-00C04F79EFBC}") = "Aize.BuildingBlocks.Infrastructure", "building-blocks\Aize.BuildingBlocks.Infrastructure\Aize.BuildingBlocks.Infrastructure.csproj", "{F77E7C03-6849-449D-B105-683117168800}"
EndProject
Project("{FAE04EC0-301F-11D3-BF4B-00C04F79EFBC}") = "Aize.DocumentService.Domain", "services\DocumentService\Aize.DocumentService.Domain\Aize.DocumentService.Domain.csproj", "{BFDE3F45-C063-4B99-BBEC-D3C2586658C2}"
EndProject
Project("{FAE04EC0-301F-11D3-BF4B-00C04F79EFBC}") = "Aize.DocumentService.Application", "services\DocumentService\Aize.DocumentService.Application\Aize.DocumentService.Application.csproj", "{D3FACB17-4791-4BA1-87F3-8936D0A1F7D6}"
EndProject
Project("{FAE04EC0-301F-11D3-BF4B-00C04F79EFBC}") = "Aize.DocumentService.Infrastructure", "services\DocumentService\Aize.DocumentService.Infrastructure\Aize.DocumentService.Infrastructure.csproj", "{EEBF1909-0336-49A0-81AF-31D4D37E859B}"
EndProject
Global
	GlobalSection(SolutionConfigurationPlatforms) = preSolution
		Debug|Any CPU = Debug|Any CPU
		Debug|x64 = Debug|x64
		Debug|x86 = Debug|x86
		Release|Any CPU = Release|Any CPU
		Release|x64 = Release|x64
		Release|x86 = Release|x86
	EndGlobalSection
	GlobalSection(ProjectConfigurationPlatforms) = postSolution
		{8DAA1DD4-3AA5-465D-A96E-CCD03169D152}.Debug|Any CPU.ActiveCfg = Debug|Any CPU
		{8DAA1DD4-3AA5-465D-A96E-CCD03169D152}.Debug|Any CPU.Build.0 = Debug|Any CPU
		{8DAA1DD4-3AA5-465D-A96E-CCD03169D152}.Debug|x64.ActiveCfg = Debug|Any CPU
		{8DAA1DD4-3AA5-465D-A96E-CCD03169D152}.Debug|x64.Build.0 = Debug|Any CPU
		{8DAA1DD4-3AA5-465D-A96E-CCD03169D152}.Debug|x86.ActiveCfg = Debug|Any CPU
		{8DAA1DD4-3AA5-465D-A96E-CCD03169D152}.Debug|x86.Build.0 = Debug|Any CPU
		{8DAA1DD4-3AA5-465D-A96E-CCD03169D152}.Release|Any CPU.ActiveCfg = Release|Any CPU
		{8DAA1DD4-3AA5-465D-A96E-CCD03169D152}.Release|Any CPU.Build.0 = Release|Any CPU
		{8DAA1DD4-3AA5-465D-A96E-CCD03169D152}.Release|x64.ActiveCfg = Release|Any CPU
		{8DAA1DD4-3AA5-465D-A96E-CCD03169D152}.Release|x64.Build.0 = Release|Any CPU
		{8DAA1DD4-3AA5-465D-A96E-CCD03169D152}.Release|x86.ActiveCfg = Release|Any CPU
		{8DAA1DD4-3AA5-465D-A96E-CCD03169D152}.Release|x86.Build.0 = Release|Any CPU
		{AE8A0224-3D64-4192-B286-BC244504CEB9}.Debug|Any CPU.ActiveCfg = Debug|Any CPU
		{AE8A0224-3D64-4192-B286-BC244504CEB9}.Debug|Any CPU.Build.0 = Debug|Any CPU
		{AE8A0224-3D64-4192-B286-BC244504CEB9}.Debug|x64.ActiveCfg = Debug|Any CPU
		{AE8A0224-3D64-4192-B286-BC244504CEB9}.Debug|x64.Build.0 = Debug|Any CPU
		{AE8A0224-3D64-4192-B286-BC244504CEB9}.Debug|x86.ActiveCfg = Debug|Any CPU
		{AE8A0224-3D64-4192-B286-BC244504CEB9}.Debug|x86.Build.0 = Debug|Any CPU
		{AE8A0224-3D64-4192-B286-BC244504CEB9}.Release|Any CPU.ActiveCfg = Release|Any CPU
		{AE8A0224-3D64-4192-B286-BC244504CEB9}.Release|Any CPU.Build.0 = Release|Any CPU
		{AE8A0224-3D64-4192-B286-BC244504CEB9}.Release|x64.ActiveCfg = Release|Any CPU
		{AE8A0224-3D64-4192-B286-BC244504CEB9}.Release|x64.Build.0 = Release|Any CPU
		{AE8A0224-3D64-4192-B286-BC244504CEB9}.Release|x86.ActiveCfg = Release|Any CPU
		{AE8A0224-3D64-4192-B286-BC244504CEB9}.Release|x86.Build.0 = Release|Any CPU
		{FAA021AE-919E-44C9-92C6-39CB280251B4}.Debug|Any CPU.ActiveCfg = Debug|Any CPU
		{FAA021AE-919E-44C9-92C6-39CB280251B4}.Debug|Any CPU.Build.0 = Debug|Any CPU
		{FAA021AE-919E-44C9-92C6-39CB280251B4}.Debug|x64.ActiveCfg = Debug|Any CPU
		{FAA021AE-919E-44C9-92C6-39CB280251B4}.Debug|x64.Build.0 = Debug|Any CPU
		{FAA021AE-919E-44C9-92C6-39CB280251B4}.Debug|x86.ActiveCfg = Debug|Any CPU
		{FAA021AE-919E-44C9-92C6-39CB280251B4}.Debug|x86.Build.0 = Debug|Any CPU
		{FAA021AE-919E-44C9-92C6-39CB280251B4}.Release|Any CPU.ActiveCfg = Release|Any CPU
		{FAA021AE-919E-44C9-92C6-39CB280251B4}.Release|Any CPU.Build.0 = Release|Any CPU
		{FAA021AE-919E-44C9-92C6-39CB280251B4}.Release|x64.ActiveCfg = Release|Any CPU
		{FAA021AE-919E-44C9-92C6-39CB280251B4}.Release|x64.Build.0 = Release|Any CPU
		{FAA021AE-919E-44C9-92C6-39CB280251B4}.Release|x86.ActiveCfg = Release|Any CPU
		{FAA021AE-919E-44C9-92C6-39CB280251B4}.Release|x86.Build.0 = Release|Any CPU
		{F77E7C03-6849-449D-B105-683117168800}.Debug|Any CPU.ActiveCfg = Debug|Any CPU
		{F77E7C03-6849-449D-B105-683117168800}.Debug|Any CPU.Build.0 = Debug|Any CPU
		{F77E7C03-6849-449D-B105-683117168800}.Debug|x64.ActiveCfg = Debug|Any CPU
		{F77E7C03-6849-449D-B105-683117168800}.Debug|x64.Build.0 = Debug|Any CPU
		{F77E7C03-6849-449D-B105-683117168800}.Debug|x86.ActiveCfg = Debug|Any CPU
		{F77E7C03-6849-449D-B105-683117168800}.Debug|x86.Build.0 = Debug|Any CPU
		{F77E7C03-6849-449D-B105-683117168800}.Release|Any CPU.ActiveCfg = Release|Any CPU
		{F77E7C03-6849-449D-B105-683117168800}.Release|Any CPU.Build.0 = Release|Any CPU
		{F77E7C03-6849-449D-B105-683117168800}.Release|x64.ActiveCfg = Release|Any CPU
		{F77E7C03-6849-449D-B105-683117168800}.Release|x64.Build.0 = Release|Any CPU
		{F77E7C03-6849-449D-B105-683117168800}.Release|x86.ActiveCfg = Release|Any CPU
		{F77E7C03-6849-449D-B105-683117168800}.Release|x86.Build.0 = Release|Any CPU
		{BFDE3F45-C063-4B99-BBEC-D3C2586658C2}.Debug|Any CPU.ActiveCfg = Debug|Any CPU
		{BFDE3F45-C063-4B99-BBEC-D3C2586658C2}.Debug|Any CPU.Build.0 = Debug|Any CPU
		{BFDE3F45-C063-4B99-BBEC-D3C2586658C2}.Debug|x64.ActiveCfg = Debug|Any CPU
		{BFDE3F45-C063-4B99-BBEC-D3C2586658C2}.Debug|x64.Build.0 = Debug|Any CPU
		{BFDE3F45-C063-4B99-BBEC-D3C2586658C2}.Debug|x86.ActiveCfg = Debug|Any CPU
		{BFDE3F45-C063-4B99-BBEC-D3C2586658C2}.Debug|x86.Build.0 = Debug|Any CPU
		{BFDE3F45-C063-4B99-BBEC-D3C2586658C2}.Release|Any CPU.ActiveCfg = Release|Any CPU
		{BFDE3F45-C063-4B99-BBEC-D3C2586658C2}.Release|Any CPU.Build.0 = Release|Any CPU
		{BFDE3F45-C063-4B99-BBEC-D3C2586658C2}.Release|x64.ActiveCfg = Release|Any CPU
		{BFDE3F45-C063-4B99-BBEC-D3C2586658C2}.Release|x64.Build.0 = Release|Any CPU
		{BFDE3F45-C063-4B99-BBEC-D3C2586658C2}.Release|x86.ActiveCfg = Release|Any CPU
		{BFDE3F45-C063-4B99-BBEC-D3C2586658C2}.Release|x86.Build.0 = Release|Any CPU
		{D3FACB17-4791-4BA1-87F3-8936D0A1F7D6}.Debug|Any CPU.ActiveCfg = Debug|Any CPU
		{D3FACB17-4791-4BA1-87F3-8936D0A1F7D6}.Debug|Any CPU.Build.0 = Debug|Any CPU
		{D3FACB17-4791-4BA1-87F3-8936D0A1F7D6}.Debug|x64.ActiveCfg = Debug|Any CPU
		{D3FACB17-4791-4BA1-87F3-8936D0A1F7D6}.Debug|x64.Build.0 = Debug|Any CPU
		{D3FACB17-4791-4BA1-87F3-8936D0A1F7D6}.Debug|x86.ActiveCfg = Debug|Any CPU
		{D3FACB17-4791-4BA1-87F3-8936D0A1F7D6}.Debug|x86.Build.0 = Debug|Any CPU
		{D3FACB17-4791-4BA1-87F3-8936D0A1F7D6}.Release|Any CPU.ActiveCfg = Release|Any CPU
		{D3FACB17-4791-4BA1-87F3-8936D0A1F7D6}.Release|Any CPU.Build.0 = Release|Any CPU
		{D3FACB17-4791-4BA1-87F3-8936D0A1F7D6}.Release|x64.ActiveCfg = Release|Any CPU
		{D3FACB17-4791-4BA1-87F3-8936D0A1F7D6}.Release|x64.Build.0 = Release|Any CPU
		{D3FACB17-4791-4BA1-87F3-8936D0A1F7D6}.Release|x86.ActiveCfg = Release|Any CPU
		{D3FACB17-4791-4BA1-87F3-8936D0A1F7D6}.Release|x86.Build.0 = Release|Any CPU
		{EEBF1909-0336-49A0-81AF-31D4D37E859B}.Debug|Any CPU.ActiveCfg = Debug|Any CPU
		{EEBF1909-0336-49A0-81AF-31D4D37E859B}.Debug|Any CPU.Build.0 = Debug|Any CPU
		{EEBF1909-0336-49A0-81AF-31D4D37E859B}.Debug|x64.ActiveCfg = Debug|Any CPU
		{EEBF1909-0336-49A0-81AF-31D4D37E859B}.Debug|x64.Build.0 = Debug|Any CPU
		{EEBF1909-0336-49A0-81AF-31D4D37E859B}.Debug|x86.ActiveCfg = Debug|Any CPU
		{EEBF1909-0336-49A0-81AF-31D4D37E859B}.Debug|x86.Build.0 = Debug|Any CPU
		{EEBF1909-0336-49A0-81AF-31D4D37E859B}.Release|Any CPU.ActiveCfg = Release|Any CPU
		{EEBF1909-0336-49A0-81AF-31D4D37E859B}.Release|Any CPU.Build.0 = Release|Any CPU
		{EEBF1909-0336-49A0-81AF-31D4D37E859B}.Release|x64.ActiveCfg = Release|Any CPU
		{EEBF1909-0336-49A0-81AF-31D4D37E859B}.Release|x64.Build.0 = Release|Any CPU
		{EEBF1909-0336-49A0-81AF-31D4D37E859B}.Release|x86.ActiveCfg = Release|Any CPU
		{EEBF1909-0336-49A0-81AF-31D4D37E859B}.Release|x86.Build.0 = Release|Any CPU
	EndGlobalSection
	GlobalSection(SolutionProperties) = preSolution
		HideSolutionNode = FALSE
	EndGlobalSection
	GlobalSection(NestedProjects) = preSolution
		{4972D1A6-6E3D-CFE3-BF87-C4B6FA8CF3FC} = {5854FF58-B8C5-05C6-5BF2-ACE42193F22B}
		{8DAA1DD4-3AA5-465D-A96E-CCD03169D152} = {4972D1A6-6E3D-CFE3-BF87-C4B6FA8CF3FC}
		{AE8A0224-3D64-4192-B286-BC244504CEB9} = {31CBEB51-93DC-9CA1-DA8D-67643319BEE1}
		{FAA021AE-919E-44C9-92C6-39CB280251B4} = {31CBEB51-93DC-9CA1-DA8D-67643319BEE1}
		{F77E7C03-6849-449D-B105-683117168800} = {31CBEB51-93DC-9CA1-DA8D-67643319BEE1}
		{BFDE3F45-C063-4B99-BBEC-D3C2586658C2} = {31CBEB51-93DC-9CA1-DA8D-67643319BEE1}
		{D3FACB17-4791-4BA1-87F3-8936D0A1F7D6} = {31CBEB51-93DC-9CA1-DA8D-67643319BEE1}
		{EEBF1909-0336-49A0-81AF-31D4D37E859B} = {31CBEB51-93DC-9CA1-DA8D-67643319BEE1}
	EndGlobalSection
EndGlobal
